# This file is automatically @generated by Cargo.
# It is not intended for manual editing.
version = 4

[[package]]
name = "ch01-intro"
version = "0.1.0"

[[package]]
name = "ch02-tour"
version = "0.1.0"

[[package]]
name = "ch03-fundamental-types"
version = "0.1.0"

[[package]]
name = "ch04-ownership"
version = "0.1.0"

[[package]]
name = "ch05-references"
version = "0.1.0"

[[package]]
name = "ch06-expressions"
version = "0.1.0"

[[package]]
name = "ch07-error-handling"
version = "0.1.0"

[[package]]
name = "ch08-crates-modules"
version = "0.1.0"

[[package]]
name = "ch09-structs"
version = "0.1.0"

[[package]]
name = "ch10-enums-patterns"
version = "0.1.0"

[[package]]
name = "ch11-traits-generics"
version = "0.1.0"

[[package]]
name = "ch12-operator-overloading"
version = "0.1.0"

[[package]]
name = "ch13-utility-traits"
version = "0.1.0"

[[package]]
name = "ch14-closures"
version = "0.1.0"

[[package]]
name = "ch15-iterators"
version = "0.1.0"

[[package]]
name = "ch16-collections"
version = "0.1.0"

[[package]]
name = "ch17-strings-text"
version = "0.1.0"

[[package]]
name = "ch18-input-output"
version = "0.1.0"

[[package]]
name = "ch19-concurrency"
version = "0.1.0"

[[package]]
name = "ch20-async"
version = "0.1.0"

[[package]]
name = "ch21-macros"
version = "0.1.0"

[[package]]
name = "ch22-unsafe"
version = "0.1.0"

[[package]]
name = "ch23-ffi"
version = "0.1.0"
